{
  "version": "5",
  "specifiers": {
    "npm:@sveltejs/adapter-node@^5.2.12": "5.2.12_@sveltejs+kit@2.21.0__@sveltejs+vite-plugin-svelte@5.0.3___svelte@5.28.6____acorn@8.14.1___vite@6.3.5____picomatch@4.0.2__svelte@5.28.6___acorn@8.14.1__vite@6.3.5___picomatch@4.0.2__acorn@8.14.1_rollup@4.40.2_@sveltejs+vite-plugin-svelte@5.0.3__svelte@5.28.6___acorn@8.14.1__vite@6.3.5___picomatch@4.0.2_svelte@5.28.6__acorn@8.14.1_vite@6.3.5__picomatch@4.0.2",
    "npm:@sveltejs/kit@^2.16.0": "2.21.0_@sveltejs+vite-plugin-svelte@5.0.3__svelte@5.28.6___acorn@8.14.1__vite@6.3.5___picomatch@4.0.2_svelte@5.28.6__acorn@8.14.1_vite@6.3.5__picomatch@4.0.2_acorn@8.14.1",
    "npm:@sveltejs/vite-plugin-svelte@5": "5.0.3_svelte@5.28.6__acorn@8.14.1_vite@6.3.5__picomatch@4.0.2",
    "npm:@tailwindcss/forms@~0.5.9": "0.5.10_tailwindcss@4.1.6",
    "npm:@tailwindcss/typography@~0.5.15": "0.5.16_tailwindcss@4.1.6",
    "npm:@tailwindcss/vite@4": "4.1.6_vite@6.3.5__picomatch@4.0.2",
    "npm:dompurify@^3.2.6": "3.2.6",
    "npm:marked@^15.0.12": "15.0.12",
    "npm:mdsvex@~0.12.3": "0.12.6_svelte@5.28.6__acorn@8.14.1",
    "npm:svelte-check@4": "4.1.7_svelte@5.28.6__acorn@8.14.1_typescript@5.8.3",
    "npm:svelte@5": "5.28.6_acorn@8.14.1",
    "npm:tailwindcss@4": "4.1.6",
    "npm:typescript@5": "5.8.3",
    "npm:vite@^6.2.6": "6.3.5_picomatch@4.0.2"
  },
  "npm": {
    "@ampproject/remapping@2.3.0": {
      "integrity": "sha512-30iZtAPgz+LTIYoeivqYo853f02jBYSd5uGnGpkFV0M3xOt9aN73erkgYAmZU43x4VfqcnLxW9Kpg3R5LC4YYw==",
      "dependencies": [
        "@jridgewell/gen-mapping",
        "@jridgewell/trace-mapping"
      ]
    },
    "@emnapi/core@1.4.3": {
      "integrity": "sha512-4m62DuCE07lw01soJwPiBGC0nAww0Q+RY70VZ+n49yDIO13yyinhbWCeNnaob0lakDtWQzSdtNWzJeOJt2ma+g==",
      "dependencies": [
        "@emnapi/wasi-threads",
        "tslib"
      ]
    },
    "@emnapi/runtime@1.4.3": {
      "integrity": "sha512-pBPWdu6MLKROBX05wSNKcNb++m5Er+KQ9QkB+WVM+pW2Kx9hoSrVTnu3BdkI5eBLZoKu/J6mW/B6i6bJB2ytXQ==",
      "dependencies": [
        "tslib"
      ]
    },
    "@emnapi/wasi-threads@1.0.2": {
      "integrity": "sha512-5n3nTJblwRi8LlXkJ9eBzu+kZR8Yxcc7ubakyQTFzPMtIhFpUBRbsnc2Dv88IZDIbCDlBiWrknhB4Lsz7mg6BA==",
      "dependencies": [
        "tslib"
      ]
    },
    "@esbuild/aix-ppc64@0.25.4": {
      "integrity": "sha512-1VCICWypeQKhVbE9oW/sJaAmjLxhVqacdkvPLEjwlttjfwENRSClS8EjBz0KzRyFSCPDIkuXW34Je/vk7zdB7Q==",
      "os": ["aix"],
      "cpu": ["ppc64"]
    },
    "@esbuild/android-arm64@0.25.4": {
      "integrity": "sha512-bBy69pgfhMGtCnwpC/x5QhfxAz/cBgQ9enbtwjf6V9lnPI/hMyT9iWpR1arm0l3kttTr4L0KSLpKmLp/ilKS9A==",
      "os": ["android"],
      "cpu": ["arm64"]
    },
    "@esbuild/android-arm@0.25.4": {
      "integrity": "sha512-QNdQEps7DfFwE3hXiU4BZeOV68HHzYwGd0Nthhd3uCkkEKK7/R6MTgM0P7H7FAs5pU/DIWsviMmEGxEoxIZ+ZQ==",
      "os": ["android"],
      "cpu": ["arm"]
    },
    "@esbuild/android-x64@0.25.4": {
      "integrity": "sha512-TVhdVtQIFuVpIIR282btcGC2oGQoSfZfmBdTip2anCaVYcqWlZXGcdcKIUklfX2wj0JklNYgz39OBqh2cqXvcQ==",
      "os": ["android"],
      "cpu": ["x64"]
    },
    "@esbuild/darwin-arm64@0.25.4": {
      "integrity": "sha512-Y1giCfM4nlHDWEfSckMzeWNdQS31BQGs9/rouw6Ub91tkK79aIMTH3q9xHvzH8d0wDru5Ci0kWB8b3up/nl16g==",
      "os": ["darwin"],
      "cpu": ["arm64"]
    },
    "@esbuild/darwin-x64@0.25.4": {
      "integrity": "sha512-CJsry8ZGM5VFVeyUYB3cdKpd/H69PYez4eJh1W/t38vzutdjEjtP7hB6eLKBoOdxcAlCtEYHzQ/PJ/oU9I4u0A==",
      "os": ["darwin"],
      "cpu": ["x64"]
    },
    "@esbuild/freebsd-arm64@0.25.4": {
      "integrity": "sha512-yYq+39NlTRzU2XmoPW4l5Ifpl9fqSk0nAJYM/V/WUGPEFfek1epLHJIkTQM6bBs1swApjO5nWgvr843g6TjxuQ==",
      "os": ["freebsd"],
      "cpu": ["arm64"]
    },
    "@esbuild/freebsd-x64@0.25.4": {
      "integrity": "sha512-0FgvOJ6UUMflsHSPLzdfDnnBBVoCDtBTVyn/MrWloUNvq/5SFmh13l3dvgRPkDihRxb77Y17MbqbCAa2strMQQ==",
      "os": ["freebsd"],
      "cpu": ["x64"]
    },
    "@esbuild/linux-arm64@0.25.4": {
      "integrity": "sha512-+89UsQTfXdmjIvZS6nUnOOLoXnkUTB9hR5QAeLrQdzOSWZvNSAXAtcRDHWtqAUtAmv7ZM1WPOOeSxDzzzMogiQ==",
      "os": ["linux"],
      "cpu": ["arm64"]
    },
    "@esbuild/linux-arm@0.25.4": {
      "integrity": "sha512-kro4c0P85GMfFYqW4TWOpvmF8rFShbWGnrLqlzp4X1TNWjRY3JMYUfDCtOxPKOIY8B0WC8HN51hGP4I4hz4AaQ==",
      "os": ["linux"],
      "cpu": ["arm"]
    },
    "@esbuild/linux-ia32@0.25.4": {
      "integrity": "sha512-yTEjoapy8UP3rv8dB0ip3AfMpRbyhSN3+hY8mo/i4QXFeDxmiYbEKp3ZRjBKcOP862Ua4b1PDfwlvbuwY7hIGQ==",
      "os": ["linux"],
      "cpu": ["ia32"]
    },
    "@esbuild/linux-loong64@0.25.4": {
      "integrity": "sha512-NeqqYkrcGzFwi6CGRGNMOjWGGSYOpqwCjS9fvaUlX5s3zwOtn1qwg1s2iE2svBe4Q/YOG1q6875lcAoQK/F4VA==",
      "os": ["linux"],
      "cpu": ["loong64"]
    },
    "@esbuild/linux-mips64el@0.25.4": {
      "integrity": "sha512-IcvTlF9dtLrfL/M8WgNI/qJYBENP3ekgsHbYUIzEzq5XJzzVEV/fXY9WFPfEEXmu3ck2qJP8LG/p3Q8f7Zc2Xg==",
      "os": ["linux"],
      "cpu": ["mips64el"]
    },
    "@esbuild/linux-ppc64@0.25.4": {
      "integrity": "sha512-HOy0aLTJTVtoTeGZh4HSXaO6M95qu4k5lJcH4gxv56iaycfz1S8GO/5Jh6X4Y1YiI0h7cRyLi+HixMR+88swag==",
      "os": ["linux"],
      "cpu": ["ppc64"]
    },
    "@esbuild/linux-riscv64@0.25.4": {
      "integrity": "sha512-i8JUDAufpz9jOzo4yIShCTcXzS07vEgWzyX3NH2G7LEFVgrLEhjwL3ajFE4fZI3I4ZgiM7JH3GQ7ReObROvSUA==",
      "os": ["linux"],
      "cpu": ["riscv64"]
    },
    "@esbuild/linux-s390x@0.25.4": {
      "integrity": "sha512-jFnu+6UbLlzIjPQpWCNh5QtrcNfMLjgIavnwPQAfoGx4q17ocOU9MsQ2QVvFxwQoWpZT8DvTLooTvmOQXkO51g==",
      "os": ["linux"],
      "cpu": ["s390x"]
    },
    "@esbuild/linux-x64@0.25.4": {
      "integrity": "sha512-6e0cvXwzOnVWJHq+mskP8DNSrKBr1bULBvnFLpc1KY+d+irZSgZ02TGse5FsafKS5jg2e4pbvK6TPXaF/A6+CA==",
      "os": ["linux"],
      "cpu": ["x64"]
    },
    "@esbuild/netbsd-arm64@0.25.4": {
      "integrity": "sha512-vUnkBYxZW4hL/ie91hSqaSNjulOnYXE1VSLusnvHg2u3jewJBz3YzB9+oCw8DABeVqZGg94t9tyZFoHma8gWZQ==",
      "os": ["netbsd"],
      "cpu": ["arm64"]
    },
    "@esbuild/netbsd-x64@0.25.4": {
      "integrity": "sha512-XAg8pIQn5CzhOB8odIcAm42QsOfa98SBeKUdo4xa8OvX8LbMZqEtgeWE9P/Wxt7MlG2QqvjGths+nq48TrUiKw==",
      "os": ["netbsd"],
      "cpu": ["x64"]
    },
    "@esbuild/openbsd-arm64@0.25.4": {
      "integrity": "sha512-Ct2WcFEANlFDtp1nVAXSNBPDxyU+j7+tId//iHXU2f/lN5AmO4zLyhDcpR5Cz1r08mVxzt3Jpyt4PmXQ1O6+7A==",
      "os": ["openbsd"],
      "cpu": ["arm64"]
    },
    "@esbuild/openbsd-x64@0.25.4": {
      "integrity": "sha512-xAGGhyOQ9Otm1Xu8NT1ifGLnA6M3sJxZ6ixylb+vIUVzvvd6GOALpwQrYrtlPouMqd/vSbgehz6HaVk4+7Afhw==",
      "os": ["openbsd"],
      "cpu": ["x64"]
    },
    "@esbuild/sunos-x64@0.25.4": {
      "integrity": "sha512-Mw+tzy4pp6wZEK0+Lwr76pWLjrtjmJyUB23tHKqEDP74R3q95luY/bXqXZeYl4NYlvwOqoRKlInQialgCKy67Q==",
      "os": ["sunos"],
      "cpu": ["x64"]
    },
    "@esbuild/win32-arm64@0.25.4": {
      "integrity": "sha512-AVUP428VQTSddguz9dO9ngb+E5aScyg7nOeJDrF1HPYu555gmza3bDGMPhmVXL8svDSoqPCsCPjb265yG/kLKQ==",
      "os": ["win32"],
      "cpu": ["arm64"]
    },
    "@esbuild/win32-ia32@0.25.4": {
      "integrity": "sha512-i1sW+1i+oWvQzSgfRcxxG2k4I9n3O9NRqy8U+uugaT2Dy7kLO9Y7wI72haOahxceMX8hZAzgGou1FhndRldxRg==",
      "os": ["win32"],
      "cpu": ["ia32"]
    },
    "@esbuild/win32-x64@0.25.4": {
      "integrity": "sha512-nOT2vZNw6hJ+z43oP1SPea/G/6AbN6X+bGNhNuq8NtRHy4wsMhw765IKLNmnjek7GvjWBYQ8Q5VBoYTFg9y1UQ==",
      "os": ["win32"],
      "cpu": ["x64"]
    },
    "@isaacs/fs-minipass@4.0.1": {
      "integrity": "sha512-wgm9Ehl2jpeqP3zw/7mo3kRHFp5MEDhqAdwy1fTGkHAwnkGOVsgpvQhL8B5n1qlb01jV3n/bI0ZfZp5lWA1k4w==",
      "dependencies": [
        "minipass"
      ]
    },
    "@jridgewell/gen-mapping@0.3.8": {
      "integrity": "sha512-imAbBGkb+ebQyxKgzv5Hu2nmROxoDOXHh80evxdoXNOrvAnVx7zimzc1Oo5h9RlfV4vPXaE2iM5pOFbvOCClWA==",
      "dependencies": [
        "@jridgewell/set-array",
        "@jridgewell/sourcemap-codec",
        "@jridgewell/trace-mapping"
      ]
    },
    "@jridgewell/resolve-uri@3.1.2": {
      "integrity": "sha512-bRISgCIjP20/tbWSPWMEi54QVPRZExkuD9lJL+UIxUKtwVJA8wW1Trb1jMs1RFXo1CBTNZ/5hpC9QvmKWdopKw=="
    },
    "@jridgewell/set-array@1.2.1": {
      "integrity": "sha512-R8gLRTZeyp03ymzP/6Lil/28tGeGEzhx1q2k703KGWRAI1VdvPIXdG70VJc2pAMw3NA6JKL5hhFu1sJX0Mnn/A=="
    },
    "@jridgewell/sourcemap-codec@1.5.0": {
      "integrity": "sha512-gv3ZRaISU3fjPAgNsriBRqGWQL6quFx04YMPW/zD8XMLsU32mhCCbfbO6KZFLjvYpCZ8zyDEgqsgf+PwPaM7GQ=="
    },
    "@jridgewell/trace-mapping@0.3.25": {
      "integrity": "sha512-vNk6aEwybGtawWmy/PzwnGDOjCkLWSD2wqvjGGAgOAwCGWySYXfYoxt00IJkTF+8Lb57DwOb3Aa0o9CApepiYQ==",
      "dependencies": [
        "@jridgewell/resolve-uri",
        "@jridgewell/sourcemap-codec"
      ]
    },
    "@napi-rs/wasm-runtime@0.2.9": {
      "integrity": "sha512-OKRBiajrrxB9ATokgEQoG87Z25c67pCpYcCwmXYX8PBftC9pBfN18gnm/fh1wurSLEKIAt+QRFLFCQISrb66Jg==",
      "dependencies": [
        "@emnapi/core",
        "@emnapi/runtime",
        "@tybys/wasm-util"
      ]
    },
    "@polka/url@1.0.0-next.29": {
      "integrity": "sha512-wwQAWhWSuHaag8c4q/KN/vCoeOJYshAIvMQwD4GpSb3OiZklFfvAgmj0VCBBImRpuF/aFgIRzllXlVX93Jevww=="
    },
    "@rollup/plugin-commonjs@28.0.3_rollup@4.40.2_picomatch@4.0.2": {
      "integrity": "sha512-pyltgilam1QPdn+Zd9gaCfOLcnjMEJ9gV+bTw6/r73INdvzf1ah9zLIJBm+kW7R6IUFIQ1YO+VqZtYxZNWFPEQ==",
      "dependencies": [
        "@rollup/pluginutils",
        "commondir",
        "estree-walker",
        "fdir",
        "is-reference@1.2.1",
        "magic-string",
        "picomatch",
        "rollup"
      ],
      "optionalPeers": [
        "rollup"
      ]
    },
    "@rollup/plugin-json@6.1.0_rollup@4.40.2": {
      "integrity": "sha512-EGI2te5ENk1coGeADSIwZ7G2Q8CJS2sF120T7jLw4xFw9n7wIOXHo+kIYRAoVpJAN+kmqZSoO3Fp4JtoNF4ReA==",
      "dependencies": [
        "@rollup/pluginutils",
        "rollup"
      ],
      "optionalPeers": [
        "rollup"
      ]
    },
    "@rollup/plugin-node-resolve@16.0.1_rollup@4.40.2": {
      "integrity": "sha512-tk5YCxJWIG81umIvNkSod2qK5KyQW19qcBF/B78n1bjtOON6gzKoVeSzAE8yHCZEDmqkHKkxplExA8KzdJLJpA==",
      "dependencies": [
        "@rollup/pluginutils",
        "@types/resolve",
        "deepmerge",
        "is-module",
        "resolve",
        "rollup"
      ],
      "optionalPeers": [
        "rollup"
      ]
    },
    "@rollup/pluginutils@5.1.4_rollup@4.40.2": {
      "integrity": "sha512-USm05zrsFxYLPdWWq+K3STlWiT/3ELn3RcV5hJMghpeAIhxfsUIg6mt12CBJBInWMV4VneoV7SfGv8xIwo2qNQ==",
      "dependencies": [
        "@types/estree",
        "estree-walker",
        "picomatch",
        "rollup"
      ],
      "optionalPeers": [
        "rollup"
      ]
    },
    "@rollup/rollup-android-arm-eabi@4.40.2": {
      "integrity": "sha512-JkdNEq+DFxZfUwxvB58tHMHBHVgX23ew41g1OQinthJ+ryhdRk67O31S7sYw8u2lTjHUPFxwar07BBt1KHp/hg==",
      "os": ["android"],
      "cpu": ["arm"]
    },
    "@rollup/rollup-android-arm64@4.40.2": {
      "integrity": "sha512-13unNoZ8NzUmnndhPTkWPWbX3vtHodYmy+I9kuLxN+F+l+x3LdVF7UCu8TWVMt1POHLh6oDHhnOA04n8oJZhBw==",
      "os": ["android"],
      "cpu": ["arm64"]
    },
    "@rollup/rollup-darwin-arm64@4.40.2": {
      "integrity": "sha512-Gzf1Hn2Aoe8VZzevHostPX23U7N5+4D36WJNHK88NZHCJr7aVMG4fadqkIf72eqVPGjGc0HJHNuUaUcxiR+N/w==",
      "os": ["darwin"],
      "cpu": ["arm64"]
    },
    "@rollup/rollup-darwin-x64@4.40.2": {
      "integrity": "sha512-47N4hxa01a4x6XnJoskMKTS8XZ0CZMd8YTbINbi+w03A2w4j1RTlnGHOz/P0+Bg1LaVL6ufZyNprSg+fW5nYQQ==",
      "os": ["darwin"],
      "cpu": ["x64"]
    },
    "@rollup/rollup-freebsd-arm64@4.40.2": {
      "integrity": "sha512-8t6aL4MD+rXSHHZUR1z19+9OFJ2rl1wGKvckN47XFRVO+QL/dUSpKA2SLRo4vMg7ELA8pzGpC+W9OEd1Z/ZqoQ==",
      "os": ["freebsd"],
      "cpu": ["arm64"]
    },
    "@rollup/rollup-freebsd-x64@4.40.2": {
      "integrity": "sha512-C+AyHBzfpsOEYRFjztcYUFsH4S7UsE9cDtHCtma5BK8+ydOZYgMmWg1d/4KBytQspJCld8ZIujFMAdKG1xyr4Q==",
      "os": ["freebsd"],
      "cpu": ["x64"]
    },
    "@rollup/rollup-linux-arm-gnueabihf@4.40.2": {
      "integrity": "sha512-de6TFZYIvJwRNjmW3+gaXiZ2DaWL5D5yGmSYzkdzjBDS3W+B9JQ48oZEsmMvemqjtAFzE16DIBLqd6IQQRuG9Q==",
      "os": ["linux"],
      "cpu": ["arm"]
    },
    "@rollup/rollup-linux-arm-musleabihf@4.40.2": {
      "integrity": "sha512-urjaEZubdIkacKc930hUDOfQPysezKla/O9qV+O89enqsqUmQm8Xj8O/vh0gHg4LYfv7Y7UsE3QjzLQzDYN1qg==",
      "os": ["linux"],
      "cpu": ["arm"]
    },
    "@rollup/rollup-linux-arm64-gnu@4.40.2": {
      "integrity": "sha512-KlE8IC0HFOC33taNt1zR8qNlBYHj31qGT1UqWqtvR/+NuCVhfufAq9fxO8BMFC22Wu0rxOwGVWxtCMvZVLmhQg==",
      "os": ["linux"],
      "cpu": ["arm64"]
    },
    "@rollup/rollup-linux-arm64-musl@4.40.2": {
      "integrity": "sha512-j8CgxvfM0kbnhu4XgjnCWJQyyBOeBI1Zq91Z850aUddUmPeQvuAy6OiMdPS46gNFgy8gN1xkYyLgwLYZG3rBOg==",
      "os": ["linux"],
      "cpu": ["arm64"]
    },
    "@rollup/rollup-linux-loongarch64-gnu@4.40.2": {
      "integrity": "sha512-Ybc/1qUampKuRF4tQXc7G7QY9YRyeVSykfK36Y5Qc5dmrIxwFhrOzqaVTNoZygqZ1ZieSWTibfFhQ5qK8jpWxw==",
      "os": ["linux"],
      "cpu": ["loong64"]
    },
    "@rollup/rollup-linux-powerpc64le-gnu@4.40.2": {
      "integrity": "sha512-3FCIrnrt03CCsZqSYAOW/k9n625pjpuMzVfeI+ZBUSDT3MVIFDSPfSUgIl9FqUftxcUXInvFah79hE1c9abD+Q==",
      "os": ["linux"],
      "cpu": ["ppc64"]
    },
    "@rollup/rollup-linux-riscv64-gnu@4.40.2": {
      "integrity": "sha512-QNU7BFHEvHMp2ESSY3SozIkBPaPBDTsfVNGx3Xhv+TdvWXFGOSH2NJvhD1zKAT6AyuuErJgbdvaJhYVhVqrWTg==",
      "os": ["linux"],
      "cpu": ["riscv64"]
    },
    "@rollup/rollup-linux-riscv64-musl@4.40.2": {
      "integrity": "sha512-5W6vNYkhgfh7URiXTO1E9a0cy4fSgfE4+Hl5agb/U1sa0kjOLMLC1wObxwKxecE17j0URxuTrYZZME4/VH57Hg==",
      "os": ["linux"],
      "cpu": ["riscv64"]
    },
    "@rollup/rollup-linux-s390x-gnu@4.40.2": {
      "integrity": "sha512-B7LKIz+0+p348JoAL4X/YxGx9zOx3sR+o6Hj15Y3aaApNfAshK8+mWZEf759DXfRLeL2vg5LYJBB7DdcleYCoQ==",
      "os": ["linux"],
      "cpu": ["s390x"]
    },
    "@rollup/rollup-linux-x64-gnu@4.40.2": {
      "integrity": "sha512-lG7Xa+BmBNwpjmVUbmyKxdQJ3Q6whHjMjzQplOs5Z+Gj7mxPtWakGHqzMqNER68G67kmCX9qX57aRsW5V0VOng==",
      "os": ["linux"],
      "cpu": ["x64"]
    },
    "@rollup/rollup-linux-x64-musl@4.40.2": {
      "integrity": "sha512-tD46wKHd+KJvsmije4bUskNuvWKFcTOIM9tZ/RrmIvcXnbi0YK/cKS9FzFtAm7Oxi2EhV5N2OpfFB348vSQRXA==",
      "os": ["linux"],
      "cpu": ["x64"]
    },
    "@rollup/rollup-win32-arm64-msvc@4.40.2": {
      "integrity": "sha512-Bjv/HG8RRWLNkXwQQemdsWw4Mg+IJ29LK+bJPW2SCzPKOUaMmPEppQlu/Fqk1d7+DX3V7JbFdbkh/NMmurT6Pg==",
      "os": ["win32"],
      "cpu": ["arm64"]
    },
    "@rollup/rollup-win32-ia32-msvc@4.40.2": {
      "integrity": "sha512-dt1llVSGEsGKvzeIO76HToiYPNPYPkmjhMHhP00T9S4rDern8P2ZWvWAQUEJ+R1UdMWJ/42i/QqJ2WV765GZcA==",
      "os": ["win32"],
      "cpu": ["ia32"]
    },
    "@rollup/rollup-win32-x64-msvc@4.40.2": {
      "integrity": "sha512-bwspbWB04XJpeElvsp+DCylKfF4trJDa2Y9Go8O6A7YLX2LIKGcNK/CYImJN6ZP4DcuOHB4Utl3iCbnR62DudA==",
      "os": ["win32"],
      "cpu": ["x64"]
    },
    "@sveltejs/acorn-typescript@1.0.5_acorn@8.14.1": {
      "integrity": "sha512-IwQk4yfwLdibDlrXVE04jTZYlLnwsTT2PIOQQGNLWfjavGifnk1JD1LcZjZaBTRcxZu2FfPfNLOE04DSu9lqtQ==",
      "dependencies": [
        "acorn"
      ]
    },
    "@sveltejs/adapter-node@5.2.12_@sveltejs+kit@2.21.0__@sveltejs+vite-plugin-svelte@5.0.3___svelte@5.28.6____acorn@8.14.1___vite@6.3.5____picomatch@4.0.2__svelte@5.28.6___acorn@8.14.1__vite@6.3.5___picomatch@4.0.2__acorn@8.14.1_rollup@4.40.2_@sveltejs+vite-plugin-svelte@5.0.3__svelte@5.28.6___acorn@8.14.1__vite@6.3.5___picomatch@4.0.2_svelte@5.28.6__acorn@8.14.1_vite@6.3.5__picomatch@4.0.2": {
      "integrity": "sha512-0bp4Yb3jKIEcZWVcJC/L1xXp9zzJS4hDwfb4VITAkfT4OVdkspSHsx7YhqJDbb2hgLl6R9Vs7VQR+fqIVOxPUQ==",
      "dependencies": [
        "@rollup/plugin-commonjs",
        "@rollup/plugin-json",
        "@rollup/plugin-node-resolve",
        "@sveltejs/kit",
        "rollup"
      ]
    },
    "@sveltejs/kit@2.21.0_@sveltejs+vite-plugin-svelte@5.0.3__svelte@5.28.6___acorn@8.14.1__vite@6.3.5___picomatch@4.0.2_svelte@5.28.6__acorn@8.14.1_vite@6.3.5__picomatch@4.0.2_acorn@8.14.1": {
      "integrity": "sha512-kvu4h9qXduiPk1Q1oqFKDLFGu/7mslEYbVaqpbBcBxjlRJnvNCFwEvEwKt0Mx9TtSi8J77xRelvJobrGlst4nQ==",
      "dependencies": [
        "@sveltejs/acorn-typescript",
        "@sveltejs/vite-plugin-svelte",
        "@types/cookie",
        "acorn",
        "cookie",
        "devalue",
        "esm-env",
        "kleur",
        "magic-string",
        "mrmime",
        "sade",
        "set-cookie-parser",
        "sirv",
        "svelte",
        "vite"
      ],
      "bin": true
    },
    "@sveltejs/vite-plugin-svelte-inspector@4.0.1_@sveltejs+vite-plugin-svelte@5.0.3__svelte@5.28.6___acorn@8.14.1__vite@6.3.5___picomatch@4.0.2_svelte@5.28.6__acorn@8.14.1_vite@6.3.5__picomatch@4.0.2": {
      "integrity": "sha512-J/Nmb2Q2y7mck2hyCX4ckVHcR5tu2J+MtBEQqpDrrgELZ2uvraQcK/ioCV61AqkdXFgriksOKIceDcQmqnGhVw==",
      "dependencies": [
        "@sveltejs/vite-plugin-svelte",
        "debug",
        "svelte",
        "vite"
      ]
    },
    "@sveltejs/vite-plugin-svelte@5.0.3_svelte@5.28.6__acorn@8.14.1_vite@6.3.5__picomatch@4.0.2": {
      "integrity": "sha512-MCFS6CrQDu1yGwspm4qtli0e63vaPCehf6V7pIMP15AsWgMKrqDGCPFF/0kn4SP0ii4aySu4Pa62+fIRGFMjgw==",
      "dependencies": [
        "@sveltejs/vite-plugin-svelte-inspector",
        "debug",
        "deepmerge",
        "kleur",
        "magic-string",
        "svelte",
        "vite",
        "vitefu"
      ]
    },
    "@tailwindcss/forms@0.5.10_tailwindcss@4.1.6": {
      "integrity": "sha512-utI1ONF6uf/pPNO68kmN1b8rEwNXv3czukalo8VtJH8ksIkZXr3Q3VYudZLkCsDd4Wku120uF02hYK25XGPorw==",
      "dependencies": [
        "mini-svg-data-uri",
        "tailwindcss"
      ]
    },
    "@tailwindcss/node@4.1.6": {
      "integrity": "sha512-ed6zQbgmKsjsVvodAS1q1Ld2BolEuxJOSyyNc+vhkjdmfNUDCmQnlXBfQkHrlzNmslxHsQU/bFmzcEbv4xXsLg==",
      "dependencies": [
        "@ampproject/remapping",
        "enhanced-resolve",
        "jiti",
        "lightningcss",
        "magic-string",
        "source-map-js",
        "tailwindcss"
      ]
    },
    "@tailwindcss/oxide-android-arm64@4.1.6": {
      "integrity": "sha512-VHwwPiwXtdIvOvqT/0/FLH/pizTVu78FOnI9jQo64kSAikFSZT7K4pjyzoDpSMaveJTGyAKvDjuhxJxKfmvjiQ==",
      "os": ["android"],
      "cpu": ["arm64"]
    },
    "@tailwindcss/oxide-darwin-arm64@4.1.6": {
      "integrity": "sha512-weINOCcqv1HVBIGptNrk7c6lWgSFFiQMcCpKM4tnVi5x8OY2v1FrV76jwLukfT6pL1hyajc06tyVmZFYXoxvhQ==",
      "os": ["darwin"],
      "cpu": ["arm64"]
    },
    "@tailwindcss/oxide-darwin-x64@4.1.6": {
      "integrity": "sha512-3FzekhHG0ww1zQjQ1lPoq0wPrAIVXAbUkWdWM8u5BnYFZgb9ja5ejBqyTgjpo5mfy0hFOoMnMuVDI+7CXhXZaQ==",
      "os": ["darwin"],
      "cpu": ["x64"]
    },
    "@tailwindcss/oxide-freebsd-x64@4.1.6": {
      "integrity": "sha512-4m5F5lpkBZhVQJq53oe5XgJ+aFYWdrgkMwViHjRsES3KEu2m1udR21B1I77RUqie0ZYNscFzY1v9aDssMBZ/1w==",
      "os": ["freebsd"],
      "cpu": ["x64"]
    },
    "@tailwindcss/oxide-linux-arm-gnueabihf@4.1.6": {
      "integrity": "sha512-qU0rHnA9P/ZoaDKouU1oGPxPWzDKtIfX7eOGi5jOWJKdxieUJdVV+CxWZOpDWlYTd4N3sFQvcnVLJWJ1cLP5TA==",
      "os": ["linux"],
      "cpu": ["arm"]
    },
    "@tailwindcss/oxide-linux-arm64-gnu@4.1.6": {
      "integrity": "sha512-jXy3TSTrbfgyd3UxPQeXC3wm8DAgmigzar99Km9Sf6L2OFfn/k+u3VqmpgHQw5QNfCpPe43em6Q7V76Wx7ogIQ==",
      "os": ["linux"],
      "cpu": ["arm64"]
    },
    "@tailwindcss/oxide-linux-arm64-musl@4.1.6": {
      "integrity": "sha512-8kjivE5xW0qAQ9HX9reVFmZj3t+VmljDLVRJpVBEoTR+3bKMnvC7iLcoSGNIUJGOZy1mLVq7x/gerVg0T+IsYw==",
      "os": ["linux"],
      "cpu": ["arm64"]
    },
    "@tailwindcss/oxide-linux-x64-gnu@4.1.6": {
      "integrity": "sha512-A4spQhwnWVpjWDLXnOW9PSinO2PTKJQNRmL/aIl2U/O+RARls8doDfs6R41+DAXK0ccacvRyDpR46aVQJJCoCg==",
      "os": ["linux"],
      "cpu": ["x64"]
    },
    "@tailwindcss/oxide-linux-x64-musl@4.1.6": {
      "integrity": "sha512-YRee+6ZqdzgiQAHVSLfl3RYmqeeaWVCk796MhXhLQu2kJu2COHBkqlqsqKYx3p8Hmk5pGCQd2jTAoMWWFeyG2A==",
      "os": ["linux"],
      "cpu": ["x64"]
    },
    "@tailwindcss/oxide-wasm32-wasi@4.1.6": {
      "integrity": "sha512-qAp4ooTYrBQ5pk5jgg54/U1rCJ/9FLYOkkQ/nTE+bVMseMfB6O7J8zb19YTpWuu4UdfRf5zzOrNKfl6T64MNrQ==",
      "dependencies": [
        "@emnapi/core",
        "@emnapi/runtime",
        "@emnapi/wasi-threads",
        "@napi-rs/wasm-runtime",
        "@tybys/wasm-util",
        "tslib"
      ],
      "cpu": ["wasm32"]
    },
    "@tailwindcss/oxide-win32-arm64-msvc@4.1.6": {
      "integrity": "sha512-nqpDWk0Xr8ELO/nfRUDjk1pc9wDJ3ObeDdNMHLaymc4PJBWj11gdPCWZFKSK2AVKjJQC7J2EfmSmf47GN7OuLg==",
      "os": ["win32"],
      "cpu": ["arm64"]
    },
    "@tailwindcss/oxide-win32-x64-msvc@4.1.6": {
      "integrity": "sha512-5k9xF33xkfKpo9wCvYcegQ21VwIBU1/qEbYlVukfEIyQbEA47uK8AAwS7NVjNE3vHzcmxMYwd0l6L4pPjjm1rQ==",
      "os": ["win32"],
      "cpu": ["x64"]
    },
    "@tailwindcss/oxide@4.1.6": {
      "integrity": "sha512-0bpEBQiGx+227fW4G0fLQ8vuvyy5rsB1YIYNapTq3aRsJ9taF3f5cCaovDjN5pUGKKzcpMrZst/mhNaKAPOHOA==",
      "dependencies": [
        "detect-libc",
        "tar"
      ],
      "optionalDependencies": [
        "@tailwindcss/oxide-android-arm64",
        "@tailwindcss/oxide-darwin-arm64",
        "@tailwindcss/oxide-darwin-x64",
        "@tailwindcss/oxide-freebsd-x64",
        "@tailwindcss/oxide-linux-arm-gnueabihf",
        "@tailwindcss/oxide-linux-arm64-gnu",
        "@tailwindcss/oxide-linux-arm64-musl",
        "@tailwindcss/oxide-linux-x64-gnu",
        "@tailwindcss/oxide-linux-x64-musl",
        "@tailwindcss/oxide-wasm32-wasi",
        "@tailwindcss/oxide-win32-arm64-msvc",
        "@tailwindcss/oxide-win32-x64-msvc"
      ],
      "scripts": true
    },
    "@tailwindcss/typography@0.5.16_tailwindcss@4.1.6": {
      "integrity": "sha512-0wDLwCVF5V3x3b1SGXPCDcdsbDHMBe+lkFzBRaHeLvNi+nrrnZ1lA18u+OTWO8iSWU2GxUOCvlXtDuqftc1oiA==",
      "dependencies": [
        "lodash.castarray",
        "lodash.isplainobject",
        "lodash.merge",
        "postcss-selector-parser",
        "tailwindcss"
      ]
    },
    "@tailwindcss/vite@4.1.6_vite@6.3.5__picomatch@4.0.2": {
      "integrity": "sha512-zjtqjDeY1w3g2beYQtrMAf51n5G7o+UwmyOjtsDMP7t6XyoRMOidcoKP32ps7AkNOHIXEOK0bhIC05dj8oJp4w==",
      "dependencies": [
        "@tailwindcss/node",
        "@tailwindcss/oxide",
        "tailwindcss",
        "vite"
      ]
    },
    "@tybys/wasm-util@0.9.0": {
      "integrity": "sha512-6+7nlbMVX/PVDCwaIQ8nTOPveOcFLSt8GcXdx8hD0bt39uWxYT88uXzqTd4fTvqta7oeUJqudepapKNt2DYJFw==",
      "dependencies": [
        "tslib"
      ]
    },
    "@types/cookie@0.6.0": {
      "integrity": "sha512-4Kh9a6B2bQciAhf7FSuMRRkUWecJgJu9nPnx3yzpsfXX/c50REIqpHY4C82bXP90qrLtXtkDxTZosYO3UpOwlA=="
    },
    "@types/estree@1.0.7": {
      "integrity": "sha512-w28IoSUCJpidD/TGviZwwMJckNESJZXFu7NBZ5YJ4mEUnNraUn9Pm8HSZm/jDF1pDWYKspWE7oVphigUPRakIQ=="
    },
    "@types/mdast@4.0.4": {
      "integrity": "sha512-kGaNbPh1k7AFzgpud/gMdvIm5xuECykRR+JnWKQno9TAXVa6WIVCGTPvYGekIDL4uwCZQSYbUxNBSb1aUo79oA==",
      "dependencies": [
        "@types/unist"
      ]
    },
    "@types/resolve@1.20.2": {
      "integrity": "sha512-60BCwRFOZCQhDncwQdxxeOEEkbc5dIMccYLwbxsS4TUNeVECQ/pBJ0j09mrHOl/JJvpRPGwO9SvE4nR2Nb/a4Q=="
    },
    "@types/trusted-types@2.0.7": {
      "integrity": "sha512-ScaPdn1dQczgbl0QFTeTOmVHFULt394XJgOQNoyVhZ6r2vLnMLJfBPd53SB52T/3G36VI1/g2MZaX0cwDuXsfw=="
    },
    "@types/unist@2.0.11": {
      "integrity": "sha512-CmBKiL6NNo/OqgmMn95Fk9Whlp2mtvIv+KNpQKN2F4SjvrEesubTRWGYSg+BnWZOnlCaSTU1sMpsBOzgbYhnsA=="
    },
    "acorn@8.14.1": {
      "integrity": "sha512-OvQ/2pUDKmgfCg++xsTX1wGxfTaszcHVcTctW4UJB4hibJx2HXxxO5UmVgyjMa+ZDsiaf5wWLXYpRWMmBI0QHg==",
      "bin": true
    },
    "aria-query@5.3.2": {
      "integrity": "sha512-COROpnaoap1E2F000S62r6A60uHZnmlvomhfyT2DlTcrY1OrBKn2UhH7qn5wTC9zMvD0AY7csdPSNwKP+7WiQw=="
    },
    "axobject-query@4.1.0": {
      "integrity": "sha512-qIj0G9wZbMGNLjLmg1PT6v2mE9AH2zlnADJD/2tC6E00hgmhUOfEB6greHPAfLRSufHqROIUTkw6E+M3lH0PTQ=="
    },
    "chokidar@4.0.3": {
      "integrity": "sha512-Qgzu8kfBvo+cA4962jnP1KkS6Dop5NS6g7R5LFYJr4b8Ub94PPQXUksCw9PvXoeXPRRddRNC5C1JQUR2SMGtnA==",
      "dependencies": [
        "readdirp"
      ]
    },
    "chownr@3.0.0": {
      "integrity": "sha512-+IxzY9BZOQd/XuYPRmrvEVjF/nqj5kgT4kEq7VofrDoM1MxoRjEWkrCC3EtLi59TVawxTAn+orJwFQcrqEN1+g=="
    },
    "clsx@2.1.1": {
      "integrity": "sha512-eYm0QWBtUrBWZWG0d386OGAw16Z995PiOVo2B7bjWSbHedGl5e0ZWaq65kOGgUSNesEIDkB9ISbTg/JK9dhCZA=="
    },
    "commondir@1.0.1": {
      "integrity": "sha512-W9pAhw0ja1Edb5GVdIF1mjZw/ASI0AlShXM83UUGe2DVr5TdAPEA1OA8m/g8zWp9x6On7gqufY+FatDbC3MDQg=="
    },
    "cookie@0.6.0": {
      "integrity": "sha512-U71cyTamuh1CRNCfpGY6to28lxvNwPG4Guz/EVjgf3Jmzv0vlDp1atT9eS5dDjMYHucpHbWns6Lwf3BKz6svdw=="
    },
    "cssesc@3.0.0": {
      "integrity": "sha512-/Tb/JcjK111nNScGob5MNtsntNM1aCNUDipB/TkwZFhyDrrE47SOx/18wF2bbjgc3ZzCSKW1T5nt5EbFoAz/Vg==",
      "bin": true
    },
    "debug@4.4.0": {
      "integrity": "sha512-6WTZ/IxCY/T6BALoZHaE4ctp9xm+Z5kY/pzYaCHRFeyVhojxlrm+46y68HA6hr0TcwEssoxNiDEUJQjfPZ/RYA==",
      "dependencies": [
        "ms"
      ]
    },
    "deepmerge@4.3.1": {
      "integrity": "sha512-3sUqbMEc77XqpdNO7FRyRog+eW3ph+GYCbj+rK+uYyRMuwsVy0rMiVtPn+QJlKFvWP/1PYpapqYn0Me2knFn+A=="
    },
    "detect-libc@2.0.4": {
      "integrity": "sha512-3UDv+G9CsCKO1WKMGw9fwq/SWJYbI0c5Y7LU1AXYoDdbhE2AHQ6N6Nb34sG8Fj7T5APy8qXDCKuuIHd1BR0tVA=="
    },
    "devalue@5.1.1": {
      "integrity": "sha512-maua5KUiapvEwiEAe+XnlZ3Rh0GD+qI1J/nb9vrJc3muPXvcF/8gXYTWF76+5DAqHyDUtOIImEuo0YKE9mshVw=="
    },
    "dompurify@3.2.6": {
      "integrity": "sha512-/2GogDQlohXPZe6D6NOgQvXLPSYBqIWMnZ8zzOhn09REE4eyAzb+Hed3jhoM9OkuaJ8P6ZGTTVWQKAi8ieIzfQ==",
      "optionalDependencies": [
        "@types/trusted-types"
      ]
    },
    "enhanced-resolve@5.18.1": {
      "integrity": "sha512-ZSW3ma5GkcQBIpwZTSRAI8N71Uuwgs93IezB7mf7R60tC8ZbJideoDNKjHn2O9KIlx6rkGTTEk1xUCK2E1Y2Yg==",
      "dependencies": [
        "graceful-fs",
        "tapable"
      ]
    },
    "esbuild@0.25.4": {
      "integrity": "sha512-8pgjLUcUjcgDg+2Q4NYXnPbo/vncAY4UmyaCm0jZevERqCHZIaWwdJHkf8XQtu4AxSKCdvrUbT0XUr1IdZzI8Q==",
      "optionalDependencies": [
        "@esbuild/aix-ppc64",
        "@esbuild/android-arm",
        "@esbuild/android-arm64",
        "@esbuild/android-x64",
        "@esbuild/darwin-arm64",
        "@esbuild/darwin-x64",
        "@esbuild/freebsd-arm64",
        "@esbuild/freebsd-x64",
        "@esbuild/linux-arm",
        "@esbuild/linux-arm64",
        "@esbuild/linux-ia32",
        "@esbuild/linux-loong64",
        "@esbuild/linux-mips64el",
        "@esbuild/linux-ppc64",
        "@esbuild/linux-riscv64",
        "@esbuild/linux-s390x",
        "@esbuild/linux-x64",
        "@esbuild/netbsd-arm64",
        "@esbuild/netbsd-x64",
        "@esbuild/openbsd-arm64",
        "@esbuild/openbsd-x64",
        "@esbuild/sunos-x64",
        "@esbuild/win32-arm64",
        "@esbuild/win32-ia32",
        "@esbuild/win32-x64"
      ],
      "scripts": true,
      "bin": true
    },
    "esm-env@1.2.2": {
      "integrity": "sha512-Epxrv+Nr/CaL4ZcFGPJIYLWFom+YeV1DqMLHJoEd9SYRxNbaFruBwfEX/kkHUJf55j2+TUbmDcmuilbP1TmXHA=="
    },
    "esrap@1.4.6": {
      "integrity": "sha512-F/D2mADJ9SHY3IwksD4DAXjTt7qt7GWUf3/8RhCNWmC/67tyb55dpimHmy7EplakFaflV0R/PC+fdSPqrRHAQw==",
      "dependencies": [
        "@jridgewell/sourcemap-codec"
      ]
    },
    "estree-walker@2.0.2": {
      "integrity": "sha512-Rfkk/Mp/DL7JVje3u18FxFujQlTNR2q6QfMSMB7AvCBx91NGj/ba3kCfza0f6dVDbw7YlRf/nDrn7pQrCCyQ/w=="
    },
    "fdir@6.4.4_picomatch@4.0.2": {
      "integrity": "sha512-1NZP+GK4GfuAv3PqKvxQRDMjdSRZjnkq7KfhlNrCNNlZ0ygQFpebfrnfnq/W7fpUnAv9aGWmY1zKx7FYL3gwhg==",
      "dependencies": [
        "picomatch"
      ],
      "optionalPeers": [
        "picomatch"
      ]
    },
    "fsevents@2.3.3": {
      "integrity": "sha512-5xoDfX+fL7faATnagmWPpbFtwh/R77WmMMqqHGS65C3vvB0YHrgF+B1YmZ3441tMj5n63k0212XNoJwzlhffQw==",
      "os": ["darwin"],
      "scripts": true
    },
    "function-bind@1.1.2": {
      "integrity": "sha512-7XHNxH7qX9xG5mIwxkhumTox/MIRNcOgDrxWsMt2pAr23WHp6MrRlN7FBSFpCpr+oVO0F744iUgR82nJMfG2SA=="
    },
    "graceful-fs@4.2.11": {
      "integrity": "sha512-RbJ5/jmFcNNCcDV5o9eTnBLJ/HszWV0P73bc+Ff4nS/rJj+YaS6IGyiOL0VoBYX+l1Wrl3k63h/KrH+nhJ0XvQ=="
    },
    "hasown@2.0.2": {
      "integrity": "sha512-0hJU9SCPvmMzIBdZFqNPXWa6dqh7WdH0cII9y+CyS8rG3nL48Bclra9HmKhVVUHyPWNH5Y7xDwAB7bfgSjkUMQ==",
      "dependencies": [
        "function-bind"
      ]
    },
    "is-core-module@2.16.1": {
      "integrity": "sha512-UfoeMA6fIJ8wTYFEUjelnaGI67v6+N7qXJEvQuIGa99l4xsCruSYOVSQ0uPANn4dAzm8lkYPaKLrrijLq7x23w==",
      "dependencies": [
        "hasown"
      ]
    },
    "is-module@1.0.0": {
      "integrity": "sha512-51ypPSPCoTEIN9dy5Oy+h4pShgJmPCygKfyRCISBI+JoWT/2oJvK8QPxmwv7b/p239jXrm9M1mlQbyKJ5A152g=="
    },
    "is-reference@1.2.1": {
      "integrity": "sha512-U82MsXXiFIrjCK4otLT+o2NA2Cd2g5MLoOVXUZjIOhLurrRxpEXzI8O0KZHr3IjLvlAH1kTPYSuqer5T9ZVBKQ==",
      "dependencies": [
        "@types/estree"
      ]
    },
    "is-reference@3.0.3": {
      "integrity": "sha512-ixkJoqQvAP88E6wLydLGGqCJsrFUnqoH6HnaczB8XmDH1oaWU+xxdptvikTgaEhtZ53Ky6YXiBuUI2WXLMCwjw==",
      "dependencies": [
        "@types/estree"
      ]
    },
    "jiti@2.4.2": {
      "integrity": "sha512-rg9zJN+G4n2nfJl5MW3BMygZX56zKPNVEYYqq7adpmMh4Jn2QNEwhvQlFy6jPVdcod7txZtKHWnyZiA3a0zP7A==",
      "bin": true
    },
    "kleur@4.1.5": {
      "integrity": "sha512-o+NO+8WrRiQEE4/7nwRJhN1HWpVmJm511pBHUxPLtp0BUISzlBplORYSmTclCnJvQq2tKu/sgl3xVpkc7ZWuQQ=="
    },
    "lightningcss-darwin-arm64@1.29.2": {
      "integrity": "sha512-cK/eMabSViKn/PG8U/a7aCorpeKLMlK0bQeNHmdb7qUnBkNPnL+oV5DjJUo0kqWsJUapZsM4jCfYItbqBDvlcA==",
      "os": ["darwin"],
      "cpu": ["arm64"]
    },
    "lightningcss-darwin-x64@1.29.2": {
      "integrity": "sha512-j5qYxamyQw4kDXX5hnnCKMf3mLlHvG44f24Qyi2965/Ycz829MYqjrVg2H8BidybHBp9kom4D7DR5VqCKDXS0w==",
      "os": ["darwin"],
      "cpu": ["x64"]
    },
    "lightningcss-freebsd-x64@1.29.2": {
      "integrity": "sha512-wDk7M2tM78Ii8ek9YjnY8MjV5f5JN2qNVO+/0BAGZRvXKtQrBC4/cn4ssQIpKIPP44YXw6gFdpUF+Ps+RGsCwg==",
      "os": ["freebsd"],
      "cpu": ["x64"]
    },
    "lightningcss-linux-arm-gnueabihf@1.29.2": {
      "integrity": "sha512-IRUrOrAF2Z+KExdExe3Rz7NSTuuJ2HvCGlMKoquK5pjvo2JY4Rybr+NrKnq0U0hZnx5AnGsuFHjGnNT14w26sg==",
      "os": ["linux"],
      "cpu": ["arm"]
    },
    "lightningcss-linux-arm64-gnu@1.29.2": {
      "integrity": "sha512-KKCpOlmhdjvUTX/mBuaKemp0oeDIBBLFiU5Fnqxh1/DZ4JPZi4evEH7TKoSBFOSOV3J7iEmmBaw/8dpiUvRKlQ==",
      "os": ["linux"],
      "cpu": ["arm64"]
    },
    "lightningcss-linux-arm64-musl@1.29.2": {
      "integrity": "sha512-Q64eM1bPlOOUgxFmoPUefqzY1yV3ctFPE6d/Vt7WzLW4rKTv7MyYNky+FWxRpLkNASTnKQUaiMJ87zNODIrrKQ==",
      "os": ["linux"],
      "cpu": ["arm64"]
    },
    "lightningcss-linux-x64-gnu@1.29.2": {
      "integrity": "sha512-0v6idDCPG6epLXtBH/RPkHvYx74CVziHo6TMYga8O2EiQApnUPZsbR9nFNrg2cgBzk1AYqEd95TlrsL7nYABQg==",
      "os": ["linux"],
      "cpu": ["x64"]
    },
    "lightningcss-linux-x64-musl@1.29.2": {
      "integrity": "sha512-rMpz2yawkgGT8RULc5S4WiZopVMOFWjiItBT7aSfDX4NQav6M44rhn5hjtkKzB+wMTRlLLqxkeYEtQ3dd9696w==",
      "os": ["linux"],
      "cpu": ["x64"]
    },
    "lightningcss-win32-arm64-msvc@1.29.2": {
      "integrity": "sha512-nL7zRW6evGQqYVu/bKGK+zShyz8OVzsCotFgc7judbt6wnB2KbiKKJwBE4SGoDBQ1O94RjW4asrCjQL4i8Fhbw==",
      "os": ["win32"],
      "cpu": ["arm64"]
    },
    "lightningcss-win32-x64-msvc@1.29.2": {
      "integrity": "sha512-EdIUW3B2vLuHmv7urfzMI/h2fmlnOQBk1xlsDxkN1tCWKjNFjfLhGxYk8C8mzpSfr+A6jFFIi8fU6LbQGsRWjA==",
      "os": ["win32"],
      "cpu": ["x64"]
    },
    "lightningcss@1.29.2": {
      "integrity": "sha512-6b6gd/RUXKaw5keVdSEtqFVdzWnU5jMxTUjA2bVcMNPLwSQ08Sv/UodBVtETLCn7k4S1Ibxwh7k68IwLZPgKaA==",
      "dependencies": [
        "detect-libc"
      ],
      "optionalDependencies": [
        "lightningcss-darwin-arm64",
        "lightningcss-darwin-x64",
        "lightningcss-freebsd-x64",
        "lightningcss-linux-arm-gnueabihf",
        "lightningcss-linux-arm64-gnu",
        "lightningcss-linux-arm64-musl",
        "lightningcss-linux-x64-gnu",
        "lightningcss-linux-x64-musl",
        "lightningcss-win32-arm64-msvc",
        "lightningcss-win32-x64-msvc"
      ]
    },
    "locate-character@3.0.0": {
      "integrity": "sha512-SW13ws7BjaeJ6p7Q6CO2nchbYEc3X3J6WrmTTDto7yMPqVSZTUyY5Tjbid+Ab8gLnATtygYtiDIJGQRRn2ZOiA=="
    },
    "lodash.castarray@4.4.0": {
      "integrity": "sha512-aVx8ztPv7/2ULbArGJ2Y42bG1mEQ5mGjpdvrbJcJFU3TbYybe+QlLS4pst9zV52ymy2in1KpFPiZnAOATxD4+Q=="
    },
    "lodash.isplainobject@4.0.6": {
      "integrity": "sha512-oSXzaWypCMHkPC3NvBEaPHf0KsA5mvPrOPgQWDsbg8n7orZ290M0BmC/jgRZ4vcJ6DTAhjrsSYgdsW/F+MFOBA=="
    },
    "lodash.merge@4.6.2": {
      "integrity": "sha512-0KpjqXRVvrYyCsX1swR/XTK0va6VQkQM6MNo7PqW77ByjAhoARA8EfrP1N4+KlKj8YS0ZUCtRT/YUuhyYDujIQ=="
    },
    "magic-string@0.30.17": {
      "integrity": "sha512-sNPKHvyjVf7gyjwS4xGTaW/mCnF8wnjtifKBEhxfZ7E/S8tQ0rssrwGNn6q8JH/ohItJfSQp9mBtQYuTlH5QnA==",
      "dependencies": [
        "@jridgewell/sourcemap-codec"
      ]
    },
    "marked@15.0.12": {
      "integrity": "sha512-8dD6FusOQSrpv9Z1rdNMdlSgQOIP880DHqnohobOmYLElGEqAL/JvxvuxZO16r4HtjTlfPRDC1hbvxC9dPN2nA==",
      "bin": true
    },
    "mdsvex@0.12.6_svelte@5.28.6__acorn@8.14.1": {
      "integrity": "sha512-pupx2gzWh3hDtm/iDW4WuCpljmyHbHi34r7ktOqpPGvyiM4MyfNgdJ3qMizXdgCErmvYC9Nn/qyjePy+4ss9Wg==",
      "dependencies": [
        "@types/mdast",
        "@types/unist",
        "prism-svelte",
        "prismjs",
        "svelte",
        "unist-util-visit",
        "vfile-message"
      ]
    },
    "mini-svg-data-uri@1.4.4": {
      "integrity": "sha512-r9deDe9p5FJUPZAk3A59wGH7Ii9YrjjWw0jmw/liSbHl2CHiyXj6FcDXDu2K3TjVAXqiJdaw3xxwlZZr9E6nHg==",
      "bin": true
    },
    "minipass@7.1.2": {
      "integrity": "sha512-qOOzS1cBTWYF4BH8fVePDBOO9iptMnGUEZwNc/cMWnTV2nVLZ7VoNWEPHkYczZA0pdoA7dl6e7FL659nX9S2aw=="
    },
    "minizlib@3.0.2": {
      "integrity": "sha512-oG62iEk+CYt5Xj2YqI5Xi9xWUeZhDI8jjQmC5oThVH5JGCTgIjr7ciJDzC7MBzYd//WvR1OTmP5Q38Q8ShQtVA==",
      "dependencies": [
        "minipass"
      ]
    },
    "mkdirp@3.0.1": {
      "integrity": "sha512-+NsyUUAZDmo6YVHzL/stxSu3t9YS1iljliy3BSDrXJ/dkn1KYdmtZODGGjLcc9XLgVVpH4KshHB8XmZgMhaBXg==",
      "bin": true
    },
    "mri@1.2.0": {
      "integrity": "sha512-tzzskb3bG8LvYGFF/mDTpq3jpI6Q9wc3LEmBaghu+DdCssd1FakN7Bc0hVNmEyGq1bq3RgfkCb3cmQLpNPOroA=="
    },
    "mrmime@2.0.1": {
      "integrity": "sha512-Y3wQdFg2Va6etvQ5I82yUhGdsKrcYox6p7FfL1LbK2J4V01F9TGlepTIhnK24t7koZibmg82KGglhA1XK5IsLQ=="
    },
    "ms@2.1.3": {
      "integrity": "sha512-6FlzubTLZG3J2a/NVCAleEhjzq5oxgHyaCU9yYXvcLsvoVaHJq/s5xXI6/XXP6tz7R9xAOtHnSO/tXtF3WRTlA=="
    },
    "nanoid@3.3.11": {
      "integrity": "sha512-N8SpfPUnUp1bK+PMYW8qSWdl9U+wwNWI4QKxOYDy9JAro3WMX7p2OeVRF9v+347pnakNevPmiHhNmZ2HbFA76w==",
      "bin": true
    },
    "path-parse@1.0.7": {
      "integrity": "sha512-LDJzPVEEEPR+y48z93A0Ed0yXb8pAByGWo/k5YYdYgpY2/2EsOsksJrq7lOHxryrVOn1ejG6oAp8ahvOIQD8sw=="
    },
    "picocolors@1.1.1": {
      "integrity": "sha512-xceH2snhtb5M9liqDsmEw56le376mTZkEX/jEb/RxNFyegNul7eNslCXP9FDj/Lcu0X8KEyMceP2ntpaHrDEVA=="
    },
    "picomatch@4.0.2": {
      "integrity": "sha512-M7BAV6Rlcy5u+m6oPhAPFgJTzAioX/6B0DxyvDlo9l8+T3nLKbrczg2WLUyzd45L8RqfUMyGPzekbMvX2Ldkwg=="
    },
    "postcss-selector-parser@6.0.10": {
      "integrity": "sha512-IQ7TZdoaqbT+LCpShg46jnZVlhWD2w6iQYAcYXfHARZ7X1t/UGhhceQDs5X0cGqKvYlHNOuv7Oa1xmb0oQuA3w==",
      "dependencies": [
        "cssesc",
        "util-deprecate"
      ]
    },
    "postcss@8.5.3": {
      "integrity": "sha512-dle9A3yYxlBSrt8Fu+IpjGT8SY8hN0mlaA6GY8t0P5PjIOZemULz/E2Bnm/2dcUOena75OTNkHI76uZBNUUq3A==",
      "dependencies": [
        "nanoid",
        "picocolors",
        "source-map-js"
      ]
    },
    "prism-svelte@0.4.7": {
      "integrity": "sha512-yABh19CYbM24V7aS7TuPYRNMqthxwbvx6FF/Rw920YbyBWO3tnyPIqRMgHuSVsLmuHkkBS1Akyof463FVdkeDQ=="
    },
    "prismjs@1.30.0": {
      "integrity": "sha512-DEvV2ZF2r2/63V+tK8hQvrR2ZGn10srHbXviTlcv7Kpzw8jWiNTqbVgjO3IY8RxrrOUF8VPMQQFysYYYv0YZxw=="
    },
    "readdirp@4.1.2": {
      "integrity": "sha512-GDhwkLfywWL2s6vEjyhri+eXmfH6j1L7JE27WhqLeYzoh/A3DBaYGEj2H/HFZCn/kMfim73FXxEJTw06WtxQwg=="
    },
    "resolve@1.22.10": {
      "integrity": "sha512-NPRy+/ncIMeDlTAsuqwKIiferiawhefFJtkNSW0qZJEqMEb+qBt/77B/jGeeek+F0uOeN05CDa6HXbbIgtVX4w==",
      "dependencies": [
        "is-core-module",
        "path-parse",
        "supports-preserve-symlinks-flag"
      ],
      "bin": true
    },
    "rollup@4.40.2": {
      "integrity": "sha512-tfUOg6DTP4rhQ3VjOO6B4wyrJnGOX85requAXvqYTHsOgb2TFJdZ3aWpT8W2kPoypSGP7dZUyzxJ9ee4buM5Fg==",
      "dependencies": [
        "@types/estree"
      ],
      "optionalDependencies": [
        "@rollup/rollup-android-arm-eabi",
        "@rollup/rollup-android-arm64",
        "@rollup/rollup-darwin-arm64",
        "@rollup/rollup-darwin-x64",
        "@rollup/rollup-freebsd-arm64",
        "@rollup/rollup-freebsd-x64",
        "@rollup/rollup-linux-arm-gnueabihf",
        "@rollup/rollup-linux-arm-musleabihf",
        "@rollup/rollup-linux-arm64-gnu",
        "@rollup/rollup-linux-arm64-musl",
        "@rollup/rollup-linux-loongarch64-gnu",
        "@rollup/rollup-linux-powerpc64le-gnu",
        "@rollup/rollup-linux-riscv64-gnu",
        "@rollup/rollup-linux-riscv64-musl",
        "@rollup/rollup-linux-s390x-gnu",
        "@rollup/rollup-linux-x64-gnu",
        "@rollup/rollup-linux-x64-musl",
        "@rollup/rollup-win32-arm64-msvc",
        "@rollup/rollup-win32-ia32-msvc",
        "@rollup/rollup-win32-x64-msvc",
        "fsevents"
      ],
      "bin": true
    },
    "sade@1.8.1": {
      "integrity": "sha512-xal3CZX1Xlo/k4ApwCFrHVACi9fBqJ7V+mwhBsuf/1IOKbBy098Fex+Wa/5QMubw09pSZ/u8EY8PWgevJsXp1A==",
      "dependencies": [
        "mri"
      ]
    },
    "set-cookie-parser@2.7.1": {
      "integrity": "sha512-IOc8uWeOZgnb3ptbCURJWNjWUPcO3ZnTTdzsurqERrP6nPyv+paC55vJM0LpOlT2ne+Ix+9+CRG1MNLlyZ4GjQ=="
    },
    "sirv@3.0.1": {
      "integrity": "sha512-FoqMu0NCGBLCcAkS1qA+XJIQTR6/JHfQXl+uGteNCQ76T91DMUjPa9xfmeqMY3z80nLSg9yQmNjK0Px6RWsH/A==",
      "dependencies": [
        "@polka/url",
        "mrmime",
        "totalist"
      ]
    },
    "source-map-js@1.2.1": {
      "integrity": "sha512-UXWMKhLOwVKb728IUtQPXxfYU+usdybtUrK/8uGE8CQMvrhOpwvzDBwj0QhSL7MQc7vIsISBG8VQ8+IDQxpfQA=="
    },
    "supports-preserve-symlinks-flag@1.0.0": {
      "integrity": "sha512-ot0WnXS9fgdkgIcePe6RHNk1WA8+muPa6cSjeR3V8K27q9BB1rTE3R1p7Hv0z1ZyAc8s6Vvv8DIyWf681MAt0w=="
    },
    "svelte-check@4.1.7_svelte@5.28.6__acorn@8.14.1_typescript@5.8.3": {
      "integrity": "sha512-1jX4BzXrQJhC/Jt3SqYf6Ntu//vmfc6VWp07JkRfK2nn+22yIblspVUo96gzMkg0Zov8lQicxhxsMzOctwcMQQ==",
      "dependencies": [
        "@jridgewell/trace-mapping",
        "chokidar",
        "fdir",
        "picocolors",
        "sade",
        "svelte",
        "typescript"
      ],
      "bin": true
    },
    "svelte@5.28.6_acorn@8.14.1": {
      "integrity": "sha512-9qqr7mw8YR9PAnxGFfzCK6PUlNGtns7wVavrhnxyf3fpB1mP/Ol55Z2UnIapsSzNNl3k9qw7cZ22PdE8+xT/jQ==",
      "dependencies": [
        "@ampproject/remapping",
        "@jridgewell/sourcemap-codec",
        "@sveltejs/acorn-typescript",
        "@types/estree",
        "acorn",
        "aria-query",
        "axobject-query",
        "clsx",
        "esm-env",
        "esrap",
        "is-reference@3.0.3",
        "locate-character",
        "magic-string",
        "zimmerframe"
      ]
    },
    "tailwindcss@4.1.6": {
      "integrity": "sha512-j0cGLTreM6u4OWzBeLBpycK0WIh8w7kSwcUsQZoGLHZ7xDTdM69lN64AgoIEEwFi0tnhs4wSykUa5YWxAzgFYg=="
    },
    "tapable@2.2.1": {
      "integrity": "sha512-GNzQvQTOIP6RyTfE2Qxb8ZVlNmw0n88vp1szwWRimP02mnTsx3Wtn5qRdqY9w2XduFNUgvOwhNnQsjwCp+kqaQ=="
    },
    "tar@7.4.3": {
      "integrity": "sha512-5S7Va8hKfV7W5U6g3aYxXmlPoZVAwUMy9AOKyF2fVuZa2UD3qZjg578OrLRt8PcNN1PleVaL/5/yYATNL0ICUw==",
      "dependencies": [
        "@isaacs/fs-minipass",
        "chownr",
        "minipass",
        "minizlib",
        "mkdirp",
        "yallist"
      ]
    },
    "tinyglobby@0.2.13_picomatch@4.0.2": {
      "integrity": "sha512-mEwzpUgrLySlveBwEVDMKk5B57bhLPYovRfPAXD5gA/98Opn0rCDj3GtLwFvCvH5RK9uPCExUROW5NjDwvqkxw==",
      "dependencies": [
        "fdir",
        "picomatch"
      ]
    },
    "totalist@3.0.1": {
      "integrity": "sha512-sf4i37nQ2LBx4m3wB74y+ubopq6W/dIzXg0FDGjsYnZHVa1Da8FH853wlL2gtUhg+xJXjfk3kUZS3BRoQeoQBQ=="
    },
    "tslib@2.8.1": {
      "integrity": "sha512-oJFu94HQb+KVduSUQL7wnpmqnfmLsOA/nAh6b6EH0wCEoK0/mPeXU6c3wKDV83MkOuHPRHtSXKKU99IBazS/2w=="
    },
    "typescript@5.8.3": {
      "integrity": "sha512-p1diW6TqL9L07nNxvRMM7hMMw4c5XOo/1ibL4aAIGmSAt9slTE1Xgw5KWuof2uTOvCg9BY7ZRi+GaF+7sfgPeQ==",
      "bin": true
    },
    "unist-util-is@4.1.0": {
      "integrity": "sha512-ZOQSsnce92GrxSqlnEEseX0gi7GH9zTJZ0p9dtu87WRb/37mMPO2Ilx1s/t9vBHrFhbgweUwb+t7cIn5dxPhZg=="
    },
    "unist-util-stringify-position@2.0.3": {
      "integrity": "sha512-3faScn5I+hy9VleOq/qNbAd6pAx7iH5jYBMS9I1HgQVijz/4mv5Bvw5iw1sC/90CODiKo81G/ps8AJrISn687g==",
      "dependencies": [
        "@types/unist"
      ]
    },
    "unist-util-visit-parents@3.1.1": {
      "integrity": "sha512-1KROIZWo6bcMrZEwiH2UrXDyalAa0uqzWCxCJj6lPOvTve2WkfgCytoDTPaMnodXh1WrXOq0haVYHj99ynJlsg==",
      "dependencies": [
        "@types/unist",
        "unist-util-is"
      ]
    },
    "unist-util-visit@2.0.3": {
      "integrity": "sha512-iJ4/RczbJMkD0712mGktuGpm/U4By4FfDonL7N/9tATGIF4imikjOuagyMY53tnZq3NP6BcmlrHhEKAfGWjh7Q==",
      "dependencies": [
        "@types/unist",
        "unist-util-is",
        "unist-util-visit-parents"
      ]
    },
    "util-deprecate@1.0.2": {
      "integrity": "sha512-EPD5q1uXyFxJpCrLnCc1nHnq3gOa6DZBocAIiI2TaSCA7VCJ1UJDMagCzIkXNsUYfD1daK//LTEQ8xiIbrHtcw=="
    },
    "vfile-message@2.0.4": {
      "integrity": "sha512-DjssxRGkMvifUOJre00juHoP9DPWuzjxKuMDrhNbk2TdaYYBNMStsNhEOt3idrtI12VQYM/1+iM0KOzXi4pxwQ==",
      "dependencies": [
        "@types/unist",
        "unist-util-stringify-position"
      ]
    },
    "vite@6.3.5_picomatch@4.0.2": {
      "integrity": "sha512-cZn6NDFE7wdTpINgs++ZJ4N49W2vRp8LCKrn3Ob1kYNtOo21vfDoaV5GzBfLU4MovSAB8uNRm4jgzVQZ+mBzPQ==",
      "dependencies": [
        "esbuild",
        "fdir",
        "picomatch",
        "postcss",
        "rollup",
        "tinyglobby"
      ],
      "optionalDependencies": [
        "fsevents"
      ],
      "bin": true
    },
    "vitefu@1.0.6_vite@6.3.5__picomatch@4.0.2": {
      "integrity": "sha512-+Rex1GlappUyNN6UfwbVZne/9cYC4+R2XDk9xkNXBKMw6HQagdX9PgZ8V2v1WUSK1wfBLp7qbI1+XSNIlB1xmA==",
      "dependencies": [
        "vite"
      ],
      "optionalPeers": [
        "vite"
      ]
    },
    "yallist@5.0.0": {
      "integrity": "sha512-YgvUTfwqyc7UXVMrB+SImsVYSmTS8X/tSrtdNZMImM+n7+QTriRXyXim0mBrTXNeqzVF0KWGgHPeiyViFFrNDw=="
    },
    "zimmerframe@1.1.2": {
      "integrity": "sha512-rAbqEGa8ovJy4pyBxZM70hg4pE6gDgaQ0Sl9M3enG3I0d6H4XSAM3GeNGLKnsBpuijUow064sf7ww1nutC5/3w=="
    }
  },
  "workspace": {
    "packageJson": {
      "dependencies": [
        "npm:@sveltejs/adapter-node@^5.2.12",
        "npm:@sveltejs/kit@^2.16.0",
        "npm:@sveltejs/vite-plugin-svelte@5",
        "npm:@tailwindcss/forms@~0.5.9",
        "npm:@tailwindcss/typography@~0.5.15",
        "npm:@tailwindcss/vite@4",
        "npm:dompurify@^3.2.6",
        "npm:marked@^15.0.12",
        "npm:mdsvex@~0.12.3",
        "npm:svelte-check@4",
        "npm:svelte@5",
        "npm:tailwindcss@4",
        "npm:typescript@5",
        "npm:vite@^6.2.6"
      ]
    }
  }
}
